
Microsoft Visual Studio Solution File, Format Version 12.00
# Visual Studio 2013
VisualStudioVersion = 12.0.21005.1
MinimumVisualStudioVersion = 10.0.40219.1
Project("{FAE04EC0-301F-11D3-BF4B-00C04F79EFBC}") = "Equinox", "Equinox\Equinox.csproj", "{651E2215-73A0-4522-8A9F-70CEB628477A}"
EndProject
Project("{FAE04EC0-301F-11D3-BF4B-00C04F79EFBC}") = "EquinoxSample", "EquinoxSample\EquinoxSample.csproj", "{C8654F7D-F808-4074-9434-B32166C56FB4}"
EndProject
Global
	GlobalSection(SolutionConfigurationPlatforms) = preSolution
		Debug|Any CPU = Debug|Any CPU
		Release|Any CPU = Release|Any CPU
	EndGlobalSection
	GlobalSection(ProjectConfigurationPlatforms) = postSolution
		{651E2215-73A0-4522-8A9F-70CEB628477A}.Debug|Any CPU.ActiveCfg = Debug|Any CPU
		{651E2215-73A0-4522-8A9F-70CEB628477A}.Debug|Any CPU.Build.0 = Debug|Any CPU
		{651E2215-73A0-4522-8A9F-70CEB628477A}.Release|Any CPU.ActiveCfg = Release|Any CPU
		{651E2215-73A0-4522-8A9F-70CEB628477A}.Release|Any CPU.Build.0 = Release|Any CPU
		{C8654F7D-F808-4074-9434-B32166C56FB4}.Debug|Any CPU.ActiveCfg = Debug|Any CPU
		{C8654F7D-F808-4074-9434-B32166C56FB4}.Debug|Any CPU.Build.0 = Debug|Any CPU
		{C8654F7D-F808-4074-9434-B32166C56FB4}.Release|Any CPU.ActiveCfg = Release|Any CPU
		{C8654F7D-F808-4074-9434-B32166C56FB4}.Release|Any CPU.Build.0 = Release|Any CPU
	EndGlobalSection
	GlobalSection(SolutionProperties) = preSolution
		HideSolutionNode = FALSE
	EndGlobalSection
EndGlobal
